PODS:
  - Alamofire (4.8.2)
  - KeychainSwift (19.0.0)

DEPENDENCIES:
  - Alamofire (~> 4.8.2)
  - KeychainSwift (~> 19.0)

SPEC REPOS:
  trunk:
    - Alamofire
    - KeychainSwift

SPEC CHECKSUMS:
  Alamofire: ae5c501addb7afdbb13687d7f2f722c78734c2d3
  KeychainSwift: a06190cf933ad46b1e0abc3d77d29c06331715c7

PODFILE CHECKSUM: 57c27c4c2f917d8e70bdbeda10c203760f6ecd79

COCOAPODS: 1.8.4
