// !$*UTF8*$!
{
	archiveVersion = 1;
	classes = {
	};
	objectVersion = 51;
	objects = {

/* Begin PBXBuildFile section */
		0E86B4A72426043A0094E6D3 /* AppDelegate.swift in Sources */ = {isa = PBXBuildFile; fileRef = 0E86B4A62426043A0094E6D3 /* AppDelegate.swift */; };
		0E86B4A92426043A0094E6D3 /* SceneDelegate.swift in Sources */ = {isa = PBXBuildFile; fileRef = 0E86B4A82426043A0094E6D3 /* SceneDelegate.swift */; };
		0E86B4AB2426043A0094E6D3 /* LoginViewController.swift in Sources */ = {isa = PBXBuildFile; fileRef = 0E86B4AA2426043A0094E6D3 /* LoginViewController.swift */; };
		0E86B4AE2426043A0094E6D3 /* Main.storyboard in Resources */ = {isa = PBXBuildFile; fileRef = 0E86B4AC2426043A0094E6D3 /* Main.storyboard */; };
		0E86B4B02426043D0094E6D3 /* Assets.xcassets in Resources */ = {isa = PBXBuildFile; fileRef = 0E86B4AF2426043D0094E6D3 /* Assets.xcassets */; };
		0E86B4B32426043D0094E6D3 /* LaunchScreen.storyboard in Resources */ = {isa = PBXBuildFile; fileRef = 0E86B4B12426043D0094E6D3 /* LaunchScreen.storyboard */; };
		0E86B4BE2426043D0094E6D3 /* onion_devTests.swift in Sources */ = {isa = PBXBuildFile; fileRef = 0E86B4BD2426043D0094E6D3 /* onion_devTests.swift */; };
		0E86B4C92426043D0094E6D3 /* onion_devUITests.swift in Sources */ = {isa = PBXBuildFile; fileRef = 0E86B4C82426043D0094E6D3 /* onion_devUITests.swift */; };
		0E86B4DC24275C820094E6D3 /* RegisterViewController.swift in Sources */ = {isa = PBXBuildFile; fileRef = 0E86B4DB24275C820094E6D3 /* RegisterViewController.swift */; };
		0E86B4DE24275D0E0094E6D3 /* InputAccountViewController.swift in Sources */ = {isa = PBXBuildFile; fileRef = 0E86B4DD24275D0E0094E6D3 /* InputAccountViewController.swift */; };
		0E86B4E32427B3730094E6D3 /* User.swift in Sources */ = {isa = PBXBuildFile; fileRef = 0E86B4E22427B3730094E6D3 /* User.swift */; };
		0E86B4E6242846000094E6D3 /* FinishVC.swift in Sources */ = {isa = PBXBuildFile; fileRef = 0E86B4E5242846000094E6D3 /* FinishVC.swift */; };
		0E86B4EA24284EAC0094E6D3 /* OptionViewController.swift in Sources */ = {isa = PBXBuildFile; fileRef = 0E86B4E924284EAC0094E6D3 /* OptionViewController.swift */; };
		0E86B4EC24288E630094E6D3 /* UserManager.swift in Sources */ = {isa = PBXBuildFile; fileRef = 0E86B4EB24288E630094E6D3 /* UserManager.swift */; };
		0E86B4EE2428987A0094E6D3 /* RegisterManager.swift in Sources */ = {isa = PBXBuildFile; fileRef = 0E86B4ED2428987A0094E6D3 /* RegisterManager.swift */; };
		0E8A0D32245AF62B0057384D /* Feed.swift in Sources */ = {isa = PBXBuildFile; fileRef = 0E8A0D31245AF62B0057384D /* Feed.swift */; };
		0E8A0D39246166840057384D /* testViewController.swift in Sources */ = {isa = PBXBuildFile; fileRef = 0E8A0D38246166840057384D /* testViewController.swift */; };
		0E8A0D3B2461754F0057384D /* config.swift in Sources */ = {isa = PBXBuildFile; fileRef = 0E8A0D3A2461754F0057384D /* config.swift */; };
		0E8A0D3D246178540057384D /* SplashViewController.swift in Sources */ = {isa = PBXBuildFile; fileRef = 0E8A0D3C246178540057384D /* SplashViewController.swift */; };
		0EABC668245A9CBC0030AF03 /* PreviewView.swift in Sources */ = {isa = PBXBuildFile; fileRef = 0EABC667245A9CBC0030AF03 /* PreviewView.swift */; };
		0EABC66A245AA47E0030AF03 /* CameraViewController.swift in Sources */ = {isa = PBXBuildFile; fileRef = 0EABC669245AA47E0030AF03 /* CameraViewController.swift */; };
		0EABC66C245ADDCA0030AF03 /* PhotoLibraryViewController.swift in Sources */ = {isa = PBXBuildFile; fileRef = 0EABC66B245ADDCA0030AF03 /* PhotoLibraryViewController.swift */; };
		0EC3788124556A26002B7D78 /* TabBarViewController.swift in Sources */ = {isa = PBXBuildFile; fileRef = 0EC3788024556A26002B7D78 /* TabBarViewController.swift */; };
		0EC3788424557A7B002B7D78 /* FeedDetailViewController.swift in Sources */ = {isa = PBXBuildFile; fileRef = 0EC3788324557A7B002B7D78 /* FeedDetailViewController.swift */; };
		0EC378862455818F002B7D78 /* RelativeThumbnailCollectionViewCell.swift in Sources */ = {isa = PBXBuildFile; fileRef = 0EC378852455818F002B7D78 /* RelativeThumbnailCollectionViewCell.swift */; };
		0EC3788824558CA7002B7D78 /* FeedCollectionReusableView.swift in Sources */ = {isa = PBXBuildFile; fileRef = 0EC3788724558CA7002B7D78 /* FeedCollectionReusableView.swift */; };
		0EC3788A24581A73002B7D78 /* LoginManager.swift in Sources */ = {isa = PBXBuildFile; fileRef = 0EC3788924581A73002B7D78 /* LoginManager.swift */; };
		0EC3788C24586806002B7D78 /* KeychainManager.swift in Sources */ = {isa = PBXBuildFile; fileRef = 0EC3788B24586806002B7D78 /* KeychainManager.swift */; };
		0EC3789524599BC9002B7D78 /* SubmitViewController.swift in Sources */ = {isa = PBXBuildFile; fileRef = 0EC3789424599BC9002B7D78 /* SubmitViewController.swift */; };
		0EC378972459A0B1002B7D78 /* UploadManager.swift in Sources */ = {isa = PBXBuildFile; fileRef = 0EC378962459A0B1002B7D78 /* UploadManager.swift */; };
		0EC6BEEC244AF045004242AC /* HomeViewController.swift in Sources */ = {isa = PBXBuildFile; fileRef = 0EC6BEEB244AF045004242AC /* HomeViewController.swift */; };
		0EC6BEEE244AF697004242AC /* HomeCollectionViewCell.swift in Sources */ = {isa = PBXBuildFile; fileRef = 0EC6BEED244AF697004242AC /* HomeCollectionViewCell.swift */; };
		0EC6BF3B244C5EC5004242AC /* TimelineViewController.swift in Sources */ = {isa = PBXBuildFile; fileRef = 0EC6BF3A244C5EC5004242AC /* TimelineViewController.swift */; };
		0EC6BF3D244C5EE5004242AC /* TimelineCollectionViewCell.swift in Sources */ = {isa = PBXBuildFile; fileRef = 0EC6BF3C244C5EE5004242AC /* TimelineCollectionViewCell.swift */; };
		0EC6BF40244C8F32004242AC /* ProfileViewController.swift in Sources */ = {isa = PBXBuildFile; fileRef = 0EC6BF3F244C8F32004242AC /* ProfileViewController.swift */; };
		235D14770189CBC78A7F6399 /* Pods_onion_dev_onion_devUITests.framework in Frameworks */ = {isa = PBXBuildFile; fileRef = 14F75A006A3CC95CE4AA53A7 /* Pods_onion_dev_onion_devUITests.framework */; };
		23BFF4F3B6DB228116395433 /* Pods_onion_devTests.framework in Frameworks */ = {isa = PBXBuildFile; fileRef = 704AAAFCE3BF4780D7FF0B41 /* Pods_onion_devTests.framework */; };
		468060803C631FF29A89C45A /* Pods_onion_dev.framework in Frameworks */ = {isa = PBXBuildFile; fileRef = 1E0C17C19A5514CC63331255 /* Pods_onion_dev.framework */; };
/* End PBXBuildFile section */

/* Begin PBXContainerItemProxy section */
		0E86B4BA2426043D0094E6D3 /* PBXContainerItemProxy */ = {
			isa = PBXContainerItemProxy;
			containerPortal = 0E86B49B2426043A0094E6D3 /* Project object */;
			proxyType = 1;
			remoteGlobalIDString = 0E86B4A22426043A0094E6D3;
			remoteInfo = "onion-dev";
		};
		0E86B4C52426043D0094E6D3 /* PBXContainerItemProxy */ = {
			isa = PBXContainerItemProxy;
			containerPortal = 0E86B49B2426043A0094E6D3 /* Project object */;
			proxyType = 1;
			remoteGlobalIDString = 0E86B4A22426043A0094E6D3;
			remoteInfo = "onion-dev";
		};
/* End PBXContainerItemProxy section */

/* Begin PBXFileReference section */
		0E86B4A32426043A0094E6D3 /* onion-dev.app */ = {isa = PBXFileReference; explicitFileType = wrapper.application; includeInIndex = 0; path = "onion-dev.app"; sourceTree = BUILT_PRODUCTS_DIR; };
		0E86B4A62426043A0094E6D3 /* AppDelegate.swift */ = {isa = PBXFileReference; lastKnownFileType = sourcecode.swift; path = AppDelegate.swift; sourceTree = "<group>"; };
		0E86B4A82426043A0094E6D3 /* SceneDelegate.swift */ = {isa = PBXFileReference; lastKnownFileType = sourcecode.swift; path = SceneDelegate.swift; sourceTree = "<group>"; };
		0E86B4AA2426043A0094E6D3 /* LoginViewController.swift */ = {isa = PBXFileReference; lastKnownFileType = sourcecode.swift; path = LoginViewController.swift; sourceTree = "<group>"; };
		0E86B4AD2426043A0094E6D3 /* Base */ = {isa = PBXFileReference; lastKnownFileType = file.storyboard; name = Base; path = Base.lproj/Main.storyboard; sourceTree = "<group>"; };
		0E86B4AF2426043D0094E6D3 /* Assets.xcassets */ = {isa = PBXFileReference; lastKnownFileType = folder.assetcatalog; path = Assets.xcassets; sourceTree = "<group>"; };
		0E86B4B22426043D0094E6D3 /* Base */ = {isa = PBXFileReference; lastKnownFileType = file.storyboard; name = Base; path = Base.lproj/LaunchScreen.storyboard; sourceTree = "<group>"; };
		0E86B4B42426043D0094E6D3 /* Info.plist */ = {isa = PBXFileReference; lastKnownFileType = text.plist.xml; path = Info.plist; sourceTree = "<group>"; };
		0E86B4B92426043D0094E6D3 /* onion-devTests.xctest */ = {isa = PBXFileReference; explicitFileType = wrapper.cfbundle; includeInIndex = 0; path = "onion-devTests.xctest"; sourceTree = BUILT_PRODUCTS_DIR; };
		0E86B4BD2426043D0094E6D3 /* onion_devTests.swift */ = {isa = PBXFileReference; lastKnownFileType = sourcecode.swift; path = onion_devTests.swift; sourceTree = "<group>"; };
		0E86B4BF2426043D0094E6D3 /* Info.plist */ = {isa = PBXFileReference; lastKnownFileType = text.plist.xml; path = Info.plist; sourceTree = "<group>"; };
		0E86B4C42426043D0094E6D3 /* onion-devUITests.xctest */ = {isa = PBXFileReference; explicitFileType = wrapper.cfbundle; includeInIndex = 0; path = "onion-devUITests.xctest"; sourceTree = BUILT_PRODUCTS_DIR; };
		0E86B4C82426043D0094E6D3 /* onion_devUITests.swift */ = {isa = PBXFileReference; lastKnownFileType = sourcecode.swift; path = onion_devUITests.swift; sourceTree = "<group>"; };
		0E86B4CA2426043D0094E6D3 /* Info.plist */ = {isa = PBXFileReference; lastKnownFileType = text.plist.xml; path = Info.plist; sourceTree = "<group>"; };
		0E86B4DB24275C820094E6D3 /* RegisterViewController.swift */ = {isa = PBXFileReference; lastKnownFileType = sourcecode.swift; path = RegisterViewController.swift; sourceTree = "<group>"; };
		0E86B4DD24275D0E0094E6D3 /* InputAccountViewController.swift */ = {isa = PBXFileReference; lastKnownFileType = sourcecode.swift; path = InputAccountViewController.swift; sourceTree = "<group>"; };
		0E86B4E22427B3730094E6D3 /* User.swift */ = {isa = PBXFileReference; lastKnownFileType = sourcecode.swift; path = User.swift; sourceTree = "<group>"; };
		0E86B4E5242846000094E6D3 /* FinishVC.swift */ = {isa = PBXFileReference; lastKnownFileType = sourcecode.swift; path = FinishVC.swift; sourceTree = "<group>"; };
		0E86B4E924284EAC0094E6D3 /* OptionViewController.swift */ = {isa = PBXFileReference; lastKnownFileType = sourcecode.swift; path = OptionViewController.swift; sourceTree = "<group>"; };
		0E86B4EB24288E630094E6D3 /* UserManager.swift */ = {isa = PBXFileReference; lastKnownFileType = sourcecode.swift; path = UserManager.swift; sourceTree = "<group>"; };
		0E86B4ED2428987A0094E6D3 /* RegisterManager.swift */ = {isa = PBXFileReference; lastKnownFileType = sourcecode.swift; path = RegisterManager.swift; sourceTree = "<group>"; };
		0E8A0D31245AF62B0057384D /* Feed.swift */ = {isa = PBXFileReference; lastKnownFileType = sourcecode.swift; path = Feed.swift; sourceTree = "<group>"; };
		0E8A0D38246166840057384D /* testViewController.swift */ = {isa = PBXFileReference; lastKnownFileType = sourcecode.swift; path = testViewController.swift; sourceTree = "<group>"; };
		0E8A0D3A2461754F0057384D /* config.swift */ = {isa = PBXFileReference; lastKnownFileType = sourcecode.swift; path = config.swift; sourceTree = "<group>"; };
		0E8A0D3C246178540057384D /* SplashViewController.swift */ = {isa = PBXFileReference; lastKnownFileType = sourcecode.swift; path = SplashViewController.swift; sourceTree = "<group>"; };
		0EABC667245A9CBC0030AF03 /* PreviewView.swift */ = {isa = PBXFileReference; lastKnownFileType = sourcecode.swift; path = PreviewView.swift; sourceTree = "<group>"; };
		0EABC669245AA47E0030AF03 /* CameraViewController.swift */ = {isa = PBXFileReference; lastKnownFileType = sourcecode.swift; path = CameraViewController.swift; sourceTree = "<group>"; };
		0EABC66B245ADDCA0030AF03 /* PhotoLibraryViewController.swift */ = {isa = PBXFileReference; lastKnownFileType = sourcecode.swift; path = PhotoLibraryViewController.swift; sourceTree = "<group>"; };
		0EC3788024556A26002B7D78 /* TabBarViewController.swift */ = {isa = PBXFileReference; lastKnownFileType = sourcecode.swift; path = TabBarViewController.swift; sourceTree = "<group>"; };
		0EC3788324557A7B002B7D78 /* FeedDetailViewController.swift */ = {isa = PBXFileReference; lastKnownFileType = sourcecode.swift; path = FeedDetailViewController.swift; sourceTree = "<group>"; };
		0EC378852455818F002B7D78 /* RelativeThumbnailCollectionViewCell.swift */ = {isa = PBXFileReference; lastKnownFileType = sourcecode.swift; path = RelativeThumbnailCollectionViewCell.swift; sourceTree = "<group>"; };
		0EC3788724558CA7002B7D78 /* FeedCollectionReusableView.swift */ = {isa = PBXFileReference; lastKnownFileType = sourcecode.swift; path = FeedCollectionReusableView.swift; sourceTree = "<group>"; };
		0EC3788924581A73002B7D78 /* LoginManager.swift */ = {isa = PBXFileReference; lastKnownFileType = sourcecode.swift; path = LoginManager.swift; sourceTree = "<group>"; };
		0EC3788B24586806002B7D78 /* KeychainManager.swift */ = {isa = PBXFileReference; lastKnownFileType = sourcecode.swift; path = KeychainManager.swift; sourceTree = "<group>"; };
		0EC3789424599BC9002B7D78 /* SubmitViewController.swift */ = {isa = PBXFileReference; lastKnownFileType = sourcecode.swift; path = SubmitViewController.swift; sourceTree = "<group>"; };
		0EC378962459A0B1002B7D78 /* UploadManager.swift */ = {isa = PBXFileReference; lastKnownFileType = sourcecode.swift; path = UploadManager.swift; sourceTree = "<group>"; };
		0EC6BEEB244AF045004242AC /* HomeViewController.swift */ = {isa = PBXFileReference; lastKnownFileType = sourcecode.swift; path = HomeViewController.swift; sourceTree = "<group>"; };
		0EC6BEED244AF697004242AC /* HomeCollectionViewCell.swift */ = {isa = PBXFileReference; lastKnownFileType = sourcecode.swift; path = HomeCollectionViewCell.swift; sourceTree = "<group>"; };
		0EC6BF21244B003F004242AC /* 1.jpg */ = {isa = PBXFileReference; lastKnownFileType = image.jpeg; path = 1.jpg; sourceTree = "<group>"; };
		0EC6BF22244B003F004242AC /* 16.jpeg */ = {isa = PBXFileReference; lastKnownFileType = image.jpeg; path = 16.jpeg; sourceTree = "<group>"; };
		0EC6BF23244B003F004242AC /* 4.jpeg */ = {isa = PBXFileReference; lastKnownFileType = image.jpeg; path = 4.jpeg; sourceTree = "<group>"; };
		0EC6BF24244B003F004242AC /* 10.jpeg */ = {isa = PBXFileReference; lastKnownFileType = image.jpeg; path = 10.jpeg; sourceTree = "<group>"; };
		0EC6BF25244B003F004242AC /* 2.jpeg */ = {isa = PBXFileReference; lastKnownFileType = image.jpeg; path = 2.jpeg; sourceTree = "<group>"; };
		0EC6BF26244B003F004242AC /* 6.jpeg */ = {isa = PBXFileReference; lastKnownFileType = image.jpeg; path = 6.jpeg; sourceTree = "<group>"; };
		0EC6BF27244B003F004242AC /* 5.jpeg */ = {isa = PBXFileReference; lastKnownFileType = image.jpeg; path = 5.jpeg; sourceTree = "<group>"; };
		0EC6BF28244B0040004242AC /* 15.jpeg */ = {isa = PBXFileReference; lastKnownFileType = image.jpeg; path = 15.jpeg; sourceTree = "<group>"; };
		0EC6BF29244B0040004242AC /* 22.jpeg */ = {isa = PBXFileReference; lastKnownFileType = image.jpeg; path = 22.jpeg; sourceTree = "<group>"; };
		0EC6BF2A244B0040004242AC /* 23.jpeg */ = {isa = PBXFileReference; lastKnownFileType = image.jpeg; path = 23.jpeg; sourceTree = "<group>"; };
		0EC6BF2B244B0040004242AC /* 11.jpeg */ = {isa = PBXFileReference; lastKnownFileType = image.jpeg; path = 11.jpeg; sourceTree = "<group>"; };
		0EC6BF2C244B0040004242AC /* 14.jpeg */ = {isa = PBXFileReference; lastKnownFileType = image.jpeg; path = 14.jpeg; sourceTree = "<group>"; };
		0EC6BF2D244B0040004242AC /* 21.jpeg */ = {isa = PBXFileReference; lastKnownFileType = image.jpeg; path = 21.jpeg; sourceTree = "<group>"; };
		0EC6BF2E244B0040004242AC /* 20.jpeg */ = {isa = PBXFileReference; lastKnownFileType = image.jpeg; path = 20.jpeg; sourceTree = "<group>"; };
		0EC6BF2F244B0040004242AC /* 3.jpeg */ = {isa = PBXFileReference; lastKnownFileType = image.jpeg; path = 3.jpeg; sourceTree = "<group>"; };
		0EC6BF30244B0040004242AC /* 17.jpeg */ = {isa = PBXFileReference; lastKnownFileType = image.jpeg; path = 17.jpeg; sourceTree = "<group>"; };
		0EC6BF31244B0040004242AC /* 24.jpeg */ = {isa = PBXFileReference; lastKnownFileType = image.jpeg; path = 24.jpeg; sourceTree = "<group>"; };
		0EC6BF32244B0040004242AC /* 9.jpeg */ = {isa = PBXFileReference; lastKnownFileType = image.jpeg; path = 9.jpeg; sourceTree = "<group>"; };
		0EC6BF33244B0040004242AC /* 13.jpeg */ = {isa = PBXFileReference; lastKnownFileType = image.jpeg; path = 13.jpeg; sourceTree = "<group>"; };
		0EC6BF34244B0040004242AC /* 19.jpeg */ = {isa = PBXFileReference; lastKnownFileType = image.jpeg; path = 19.jpeg; sourceTree = "<group>"; };
		0EC6BF35244B0040004242AC /* 7.jpeg */ = {isa = PBXFileReference; lastKnownFileType = image.jpeg; path = 7.jpeg; sourceTree = "<group>"; };
		0EC6BF36244B0040004242AC /* 12.jpeg */ = {isa = PBXFileReference; lastKnownFileType = image.jpeg; path = 12.jpeg; sourceTree = "<group>"; };
		0EC6BF37244B0041004242AC /* 8.jpeg */ = {isa = PBXFileReference; lastKnownFileType = image.jpeg; path = 8.jpeg; sourceTree = "<group>"; };
		0EC6BF38244B0041004242AC /* 18.jpeg */ = {isa = PBXFileReference; lastKnownFileType = image.jpeg; path = 18.jpeg; sourceTree = "<group>"; };
		0EC6BF3A244C5EC5004242AC /* TimelineViewController.swift */ = {isa = PBXFileReference; lastKnownFileType = sourcecode.swift; path = TimelineViewController.swift; sourceTree = "<group>"; };
		0EC6BF3C244C5EE5004242AC /* TimelineCollectionViewCell.swift */ = {isa = PBXFileReference; lastKnownFileType = sourcecode.swift; path = TimelineCollectionViewCell.swift; sourceTree = "<group>"; };
		0EC6BF3F244C8F32004242AC /* ProfileViewController.swift */ = {isa = PBXFileReference; lastKnownFileType = sourcecode.swift; path = ProfileViewController.swift; sourceTree = "<group>"; };
		14F75A006A3CC95CE4AA53A7 /* Pods_onion_dev_onion_devUITests.framework */ = {isa = PBXFileReference; explicitFileType = wrapper.framework; includeInIndex = 0; path = Pods_onion_dev_onion_devUITests.framework; sourceTree = BUILT_PRODUCTS_DIR; };
		1E0C17C19A5514CC63331255 /* Pods_onion_dev.framework */ = {isa = PBXFileReference; explicitFileType = wrapper.framework; includeInIndex = 0; path = Pods_onion_dev.framework; sourceTree = BUILT_PRODUCTS_DIR; };
		337B0E4D0ED984B86A4019F2 /* Pods-onion-devTests.debug.xcconfig */ = {isa = PBXFileReference; includeInIndex = 1; lastKnownFileType = text.xcconfig; name = "Pods-onion-devTests.debug.xcconfig"; path = "Target Support Files/Pods-onion-devTests/Pods-onion-devTests.debug.xcconfig"; sourceTree = "<group>"; };
		4F54EF245E250E1B2970620A /* Pods-onion-dev.release.xcconfig */ = {isa = PBXFileReference; includeInIndex = 1; lastKnownFileType = text.xcconfig; name = "Pods-onion-dev.release.xcconfig"; path = "Target Support Files/Pods-onion-dev/Pods-onion-dev.release.xcconfig"; sourceTree = "<group>"; };
		6B764B5B7B83E6C63317EBA3 /* Pods-onion-dev-onion-devUITests.release.xcconfig */ = {isa = PBXFileReference; includeInIndex = 1; lastKnownFileType = text.xcconfig; name = "Pods-onion-dev-onion-devUITests.release.xcconfig"; path = "Target Support Files/Pods-onion-dev-onion-devUITests/Pods-onion-dev-onion-devUITests.release.xcconfig"; sourceTree = "<group>"; };
		704AAAFCE3BF4780D7FF0B41 /* Pods_onion_devTests.framework */ = {isa = PBXFileReference; explicitFileType = wrapper.framework; includeInIndex = 0; path = Pods_onion_devTests.framework; sourceTree = BUILT_PRODUCTS_DIR; };
		C1F257DAD5225438D146369E /* Pods-onion-devTests.release.xcconfig */ = {isa = PBXFileReference; includeInIndex = 1; lastKnownFileType = text.xcconfig; name = "Pods-onion-devTests.release.xcconfig"; path = "Target Support Files/Pods-onion-devTests/Pods-onion-devTests.release.xcconfig"; sourceTree = "<group>"; };
		EFECC25F6CF5C938C4E76C82 /* Pods-onion-dev-onion-devUITests.debug.xcconfig */ = {isa = PBXFileReference; includeInIndex = 1; lastKnownFileType = text.xcconfig; name = "Pods-onion-dev-onion-devUITests.debug.xcconfig"; path = "Target Support Files/Pods-onion-dev-onion-devUITests/Pods-onion-dev-onion-devUITests.debug.xcconfig"; sourceTree = "<group>"; };
		F76320CF11D5055B32277F1E /* Pods-onion-dev.debug.xcconfig */ = {isa = PBXFileReference; includeInIndex = 1; lastKnownFileType = text.xcconfig; name = "Pods-onion-dev.debug.xcconfig"; path = "Target Support Files/Pods-onion-dev/Pods-onion-dev.debug.xcconfig"; sourceTree = "<group>"; };
/* End PBXFileReference section */

/* Begin PBXFrameworksBuildPhase section */
		0E86B4A02426043A0094E6D3 /* Frameworks */ = {
			isa = PBXFrameworksBuildPhase;
			buildActionMask = 2147483647;
			files = (
				468060803C631FF29A89C45A /* Pods_onion_dev.framework in Frameworks */,
			);
			runOnlyForDeploymentPostprocessing = 0;
		};
		0E86B4B62426043D0094E6D3 /* Frameworks */ = {
			isa = PBXFrameworksBuildPhase;
			buildActionMask = 2147483647;
			files = (
				23BFF4F3B6DB228116395433 /* Pods_onion_devTests.framework in Frameworks */,
			);
			runOnlyForDeploymentPostprocessing = 0;
		};
		0E86B4C12426043D0094E6D3 /* Frameworks */ = {
			isa = PBXFrameworksBuildPhase;
			buildActionMask = 2147483647;
			files = (
				235D14770189CBC78A7F6399 /* Pods_onion_dev_onion_devUITests.framework in Frameworks */,
			);
			runOnlyForDeploymentPostprocessing = 0;
		};
/* End PBXFrameworksBuildPhase section */

/* Begin PBXGroup section */
		0E86B49A2426043A0094E6D3 = {
			isa = PBXGroup;
			children = (
				0E86B4A52426043A0094E6D3 /* onion-dev */,
				0E86B4BC2426043D0094E6D3 /* onion-devTests */,
				0E86B4C72426043D0094E6D3 /* onion-devUITests */,
				0E86B4A42426043A0094E6D3 /* Products */,
				ECF2AC146F1F0847990BE439 /* Pods */,
				F84F49340DF9C75865DDE603 /* Frameworks */,
			);
			sourceTree = "<group>";
		};
		0E86B4A42426043A0094E6D3 /* Products */ = {
			isa = PBXGroup;
			children = (
				0E86B4A32426043A0094E6D3 /* onion-dev.app */,
				0E86B4B92426043D0094E6D3 /* onion-devTests.xctest */,
				0E86B4C42426043D0094E6D3 /* onion-devUITests.xctest */,
			);
			name = Products;
			sourceTree = "<group>";
		};
		0E86B4A52426043A0094E6D3 /* onion-dev */ = {
			isa = PBXGroup;
			children = (
				0EC3788D24597C32002B7D78 /* Upload */,
				0EC3788224557A5F002B7D78 /* FeedDetail */,
				0EC3787F24556A03002B7D78 /* TabBar */,
				0EC6BF3E244C8F0A004242AC /* Profile */,
				0EC6BF39244C5EA3004242AC /* Timeline */,
				0EC6BEF0244AFF79004242AC /* Resource */,
				0EC6BEE8244AEE6C004242AC /* Home */,
				0E86B4EF2428A38C0094E6D3 /* Networking */,
				0E86B4E12427B2F50094E6D3 /* Models */,
				0E86B4D724260EFB0094E6D3 /* Views */,
				0E86B4A62426043A0094E6D3 /* AppDelegate.swift */,
				0E86B4A82426043A0094E6D3 /* SceneDelegate.swift */,
				0E86B4D824260F260094E6D3 /* Controllers */,
				0E86B4AF2426043D0094E6D3 /* Assets.xcassets */,
				0E86B4B42426043D0094E6D3 /* Info.plist */,
			);
			path = "onion-dev";
			sourceTree = "<group>";
		};
		0E86B4BC2426043D0094E6D3 /* onion-devTests */ = {
			isa = PBXGroup;
			children = (
				0E86B4BD2426043D0094E6D3 /* onion_devTests.swift */,
				0E86B4BF2426043D0094E6D3 /* Info.plist */,
			);
			path = "onion-devTests";
			sourceTree = "<group>";
		};
		0E86B4C72426043D0094E6D3 /* onion-devUITests */ = {
			isa = PBXGroup;
			children = (
				0E86B4C82426043D0094E6D3 /* onion_devUITests.swift */,
				0E86B4CA2426043D0094E6D3 /* Info.plist */,
			);
			path = "onion-devUITests";
			sourceTree = "<group>";
		};
		0E86B4D724260EFB0094E6D3 /* Views */ = {
			isa = PBXGroup;
			children = (
				0E86B4AC2426043A0094E6D3 /* Main.storyboard */,
				0E86B4B12426043D0094E6D3 /* LaunchScreen.storyboard */,
				0E8A0D38246166840057384D /* testViewController.swift */,
			);
			path = Views;
			sourceTree = "<group>";
		};
		0E86B4D824260F260094E6D3 /* Controllers */ = {
			isa = PBXGroup;
			children = (
				0E86B4AA2426043A0094E6D3 /* LoginViewController.swift */,
				0E86B4E4242845E30094E6D3 /* Register */,
				0E8A0D3C246178540057384D /* SplashViewController.swift */,
			);
			path = Controllers;
			sourceTree = "<group>";
		};
		0E86B4E12427B2F50094E6D3 /* Models */ = {
			isa = PBXGroup;
			children = (
				0E86B4E22427B3730094E6D3 /* User.swift */,
				0E86B4EB24288E630094E6D3 /* UserManager.swift */,
				0E86B4ED2428987A0094E6D3 /* RegisterManager.swift */,
				0EC3788924581A73002B7D78 /* LoginManager.swift */,
				0EC3788B24586806002B7D78 /* KeychainManager.swift */,
				0E8A0D31245AF62B0057384D /* Feed.swift */,
			);
			path = Models;
			sourceTree = "<group>";
		};
		0E86B4E4242845E30094E6D3 /* Register */ = {
			isa = PBXGroup;
			children = (
				0E86B4DB24275C820094E6D3 /* RegisterViewController.swift */,
				0E86B4DD24275D0E0094E6D3 /* InputAccountViewController.swift */,
				0E86B4E924284EAC0094E6D3 /* OptionViewController.swift */,
				0E86B4E5242846000094E6D3 /* FinishVC.swift */,
			);
			path = Register;
			sourceTree = "<group>";
		};
		0E86B4EF2428A38C0094E6D3 /* Networking */ = {
			isa = PBXGroup;
			children = (
				0E8A0D3A2461754F0057384D /* config.swift */,
			);
			path = Networking;
			sourceTree = "<group>";
		};
		0EC3787F24556A03002B7D78 /* TabBar */ = {
			isa = PBXGroup;
			children = (
				0EC3788024556A26002B7D78 /* TabBarViewController.swift */,
			);
			path = TabBar;
			sourceTree = "<group>";
		};
		0EC3788224557A5F002B7D78 /* FeedDetail */ = {
			isa = PBXGroup;
			children = (
				0EC3788324557A7B002B7D78 /* FeedDetailViewController.swift */,
				0EC378852455818F002B7D78 /* RelativeThumbnailCollectionViewCell.swift */,
				0EC3788724558CA7002B7D78 /* FeedCollectionReusableView.swift */,
			);
			path = FeedDetail;
			sourceTree = "<group>";
		};
		0EC3788D24597C32002B7D78 /* Upload */ = {
			isa = PBXGroup;
			children = (
				0EC3789424599BC9002B7D78 /* SubmitViewController.swift */,
				0EC378962459A0B1002B7D78 /* UploadManager.swift */,
				0EABC667245A9CBC0030AF03 /* PreviewView.swift */,
				0EABC669245AA47E0030AF03 /* CameraViewController.swift */,
				0EABC66B245ADDCA0030AF03 /* PhotoLibraryViewController.swift */,
			);
			path = Upload;
			sourceTree = "<group>";
		};
		0EC6BEE8244AEE6C004242AC /* Home */ = {
			isa = PBXGroup;
			children = (
				0EC6BEEB244AF045004242AC /* HomeViewController.swift */,
				0EC6BEED244AF697004242AC /* HomeCollectionViewCell.swift */,
			);
			path = Home;
			sourceTree = "<group>";
		};
		0EC6BEF0244AFF79004242AC /* Resource */ = {
			isa = PBXGroup;
			children = (
				0EC6BF21244B003F004242AC /* 1.jpg */,
				0EC6BF25244B003F004242AC /* 2.jpeg */,
				0EC6BF2F244B0040004242AC /* 3.jpeg */,
				0EC6BF23244B003F004242AC /* 4.jpeg */,
				0EC6BF27244B003F004242AC /* 5.jpeg */,
				0EC6BF26244B003F004242AC /* 6.jpeg */,
				0EC6BF35244B0040004242AC /* 7.jpeg */,
				0EC6BF37244B0041004242AC /* 8.jpeg */,
				0EC6BF32244B0040004242AC /* 9.jpeg */,
				0EC6BF24244B003F004242AC /* 10.jpeg */,
				0EC6BF2B244B0040004242AC /* 11.jpeg */,
				0EC6BF36244B0040004242AC /* 12.jpeg */,
				0EC6BF33244B0040004242AC /* 13.jpeg */,
				0EC6BF2C244B0040004242AC /* 14.jpeg */,
				0EC6BF28244B0040004242AC /* 15.jpeg */,
				0EC6BF22244B003F004242AC /* 16.jpeg */,
				0EC6BF30244B0040004242AC /* 17.jpeg */,
				0EC6BF38244B0041004242AC /* 18.jpeg */,
				0EC6BF34244B0040004242AC /* 19.jpeg */,
				0EC6BF2E244B0040004242AC /* 20.jpeg */,
				0EC6BF2D244B0040004242AC /* 21.jpeg */,
				0EC6BF29244B0040004242AC /* 22.jpeg */,
				0EC6BF2A244B0040004242AC /* 23.jpeg */,
				0EC6BF31244B0040004242AC /* 24.jpeg */,
			);
			path = Resource;
			sourceTree = "<group>";
		};
		0EC6BF39244C5EA3004242AC /* Timeline */ = {
			isa = PBXGroup;
			children = (
				0EC6BF3A244C5EC5004242AC /* TimelineViewController.swift */,
				0EC6BF3C244C5EE5004242AC /* TimelineCollectionViewCell.swift */,
			);
			path = Timeline;
			sourceTree = "<group>";
		};
		0EC6BF3E244C8F0A004242AC /* Profile */ = {
			isa = PBXGroup;
			children = (
				0EC6BF3F244C8F32004242AC /* ProfileViewController.swift */,
			);
			path = Profile;
			sourceTree = "<group>";
		};
		ECF2AC146F1F0847990BE439 /* Pods */ = {
			isa = PBXGroup;
			children = (
				F76320CF11D5055B32277F1E /* Pods-onion-dev.debug.xcconfig */,
				4F54EF245E250E1B2970620A /* Pods-onion-dev.release.xcconfig */,
				EFECC25F6CF5C938C4E76C82 /* Pods-onion-dev-onion-devUITests.debug.xcconfig */,
				6B764B5B7B83E6C63317EBA3 /* Pods-onion-dev-onion-devUITests.release.xcconfig */,
				337B0E4D0ED984B86A4019F2 /* Pods-onion-devTests.debug.xcconfig */,
				C1F257DAD5225438D146369E /* Pods-onion-devTests.release.xcconfig */,
			);
			path = Pods;
			sourceTree = "<group>";
		};
		F84F49340DF9C75865DDE603 /* Frameworks */ = {
			isa = PBXGroup;
			children = (
				1E0C17C19A5514CC63331255 /* Pods_onion_dev.framework */,
				14F75A006A3CC95CE4AA53A7 /* Pods_onion_dev_onion_devUITests.framework */,
				704AAAFCE3BF4780D7FF0B41 /* Pods_onion_devTests.framework */,
			);
			name = Frameworks;
			sourceTree = "<group>";
		};
/* End PBXGroup section */

/* Begin PBXNativeTarget section */
		0E86B4A22426043A0094E6D3 /* onion-dev */ = {
			isa = PBXNativeTarget;
			buildConfigurationList = 0E86B4CD2426043D0094E6D3 /* Build configuration list for PBXNativeTarget "onion-dev" */;
			buildPhases = (
				26523F8CE1B0E031F09B9298 /* [CP] Check Pods Manifest.lock */,
				0E86B49F2426043A0094E6D3 /* Sources */,
				0E86B4A02426043A0094E6D3 /* Frameworks */,
				0E86B4A12426043A0094E6D3 /* Resources */,
				67F28E5FBFA07C69DF6C0D15 /* [CP] Embed Pods Frameworks */,
			);
			buildRules = (
			);
			dependencies = (
			);
			name = "onion-dev";
			productName = "onion-dev";
			productReference = 0E86B4A32426043A0094E6D3 /* onion-dev.app */;
			productType = "com.apple.product-type.application";
		};
		0E86B4B82426043D0094E6D3 /* onion-devTests */ = {
			isa = PBXNativeTarget;
			buildConfigurationList = 0E86B4D02426043D0094E6D3 /* Build configuration list for PBXNativeTarget "onion-devTests" */;
			buildPhases = (
				D6FA0F197A12CB665FD779AD /* [CP] Check Pods Manifest.lock */,
				0E86B4B52426043D0094E6D3 /* Sources */,
				0E86B4B62426043D0094E6D3 /* Frameworks */,
				0E86B4B72426043D0094E6D3 /* Resources */,
			);
			buildRules = (
			);
			dependencies = (
				0E86B4BB2426043D0094E6D3 /* PBXTargetDependency */,
			);
			name = "onion-devTests";
			productName = "onion-devTests";
			productReference = 0E86B4B92426043D0094E6D3 /* onion-devTests.xctest */;
			productType = "com.apple.product-type.bundle.unit-test";
		};
		0E86B4C32426043D0094E6D3 /* onion-devUITests */ = {
			isa = PBXNativeTarget;
			buildConfigurationList = 0E86B4D32426043D0094E6D3 /* Build configuration list for PBXNativeTarget "onion-devUITests" */;
			buildPhases = (
				30D9781C68D7DB5E4478A132 /* [CP] Check Pods Manifest.lock */,
				0E86B4C02426043D0094E6D3 /* Sources */,
				0E86B4C12426043D0094E6D3 /* Frameworks */,
				0E86B4C22426043D0094E6D3 /* Resources */,
				65B7FB0BA8017AF6F9D07D6B /* [CP] Embed Pods Frameworks */,
			);
			buildRules = (
			);
			dependencies = (
				0E86B4C62426043D0094E6D3 /* PBXTargetDependency */,
			);
			name = "onion-devUITests";
			productName = "onion-devUITests";
			productReference = 0E86B4C42426043D0094E6D3 /* onion-devUITests.xctest */;
			productType = "com.apple.product-type.bundle.ui-testing";
		};
/* End PBXNativeTarget section */

/* Begin PBXProject section */
		0E86B49B2426043A0094E6D3 /* Project object */ = {
			isa = PBXProject;
			attributes = {
				LastSwiftUpdateCheck = 1130;
				LastUpgradeCheck = 1130;
				ORGANIZATIONNAME = lacuna;
				TargetAttributes = {
					0E86B4A22426043A0094E6D3 = {
						CreatedOnToolsVersion = 11.3.1;
					};
					0E86B4B82426043D0094E6D3 = {
						CreatedOnToolsVersion = 11.3.1;
						TestTargetID = 0E86B4A22426043A0094E6D3;
					};
					0E86B4C32426043D0094E6D3 = {
						CreatedOnToolsVersion = 11.3.1;
						TestTargetID = 0E86B4A22426043A0094E6D3;
					};
				};
			};
			buildConfigurationList = 0E86B49E2426043A0094E6D3 /* Build configuration list for PBXProject "onion-dev" */;
			compatibilityVersion = "Xcode 9.3";
			developmentRegion = en;
			hasScannedForEncodings = 0;
			knownRegions = (
				en,
				Base,
			);
			mainGroup = 0E86B49A2426043A0094E6D3;
			productRefGroup = 0E86B4A42426043A0094E6D3 /* Products */;
			projectDirPath = "";
			projectRoot = "";
			targets = (
				0E86B4A22426043A0094E6D3 /* onion-dev */,
				0E86B4B82426043D0094E6D3 /* onion-devTests */,
				0E86B4C32426043D0094E6D3 /* onion-devUITests */,
			);
		};
/* End PBXProject section */

/* Begin PBXResourcesBuildPhase section */
		0E86B4A12426043A0094E6D3 /* Resources */ = {
			isa = PBXResourcesBuildPhase;
			buildActionMask = 2147483647;
			files = (
				0E86B4B32426043D0094E6D3 /* LaunchScreen.storyboard in Resources */,
				0E86B4B02426043D0094E6D3 /* Assets.xcassets in Resources */,
				0E86B4AE2426043A0094E6D3 /* Main.storyboard in Resources */,
			);
			runOnlyForDeploymentPostprocessing = 0;
		};
		0E86B4B72426043D0094E6D3 /* Resources */ = {
			isa = PBXResourcesBuildPhase;
			buildActionMask = 2147483647;
			files = (
			);
			runOnlyForDeploymentPostprocessing = 0;
		};
		0E86B4C22426043D0094E6D3 /* Resources */ = {
			isa = PBXResourcesBuildPhase;
			buildActionMask = 2147483647;
			files = (
			);
			runOnlyForDeploymentPostprocessing = 0;
		};
/* End PBXResourcesBuildPhase section */

/* Begin PBXShellScriptBuildPhase section */
		26523F8CE1B0E031F09B9298 /* [CP] Check Pods Manifest.lock */ = {
			isa = PBXShellScriptBuildPhase;
			buildActionMask = 2147483647;
			files = (
			);
			inputFileListPaths = (
			);
			inputPaths = (
				"${PODS_PODFILE_DIR_PATH}/Podfile.lock",
				"${PODS_ROOT}/Manifest.lock",
			);
			name = "[CP] Check Pods Manifest.lock";
			outputFileListPaths = (
			);
			outputPaths = (
				"$(DERIVED_FILE_DIR)/Pods-onion-dev-checkManifestLockResult.txt",
			);
			runOnlyForDeploymentPostprocessing = 0;
			shellPath = /bin/sh;
			shellScript = "diff \"${PODS_PODFILE_DIR_PATH}/Podfile.lock\" \"${PODS_ROOT}/Manifest.lock\" > /dev/null\nif [ $? != 0 ] ; then\n    # print error to STDERR\n    echo \"error: The sandbox is not in sync with the Podfile.lock. Run 'pod install' or update your CocoaPods installation.\" >&2\n    exit 1\nfi\n# This output is used by Xcode 'outputs' to avoid re-running this script phase.\necho \"SUCCESS\" > \"${SCRIPT_OUTPUT_FILE_0}\"\n";
			showEnvVarsInLog = 0;
		};
		30D9781C68D7DB5E4478A132 /* [CP] Check Pods Manifest.lock */ = {
			isa = PBXShellScriptBuildPhase;
			buildActionMask = 2147483647;
			files = (
			);
			inputFileListPaths = (
			);
			inputPaths = (
				"${PODS_PODFILE_DIR_PATH}/Podfile.lock",
				"${PODS_ROOT}/Manifest.lock",
			);
			name = "[CP] Check Pods Manifest.lock";
			outputFileListPaths = (
			);
			outputPaths = (
				"$(DERIVED_FILE_DIR)/Pods-onion-dev-onion-devUITests-checkManifestLockResult.txt",
			);
			runOnlyForDeploymentPostprocessing = 0;
			shellPath = /bin/sh;
			shellScript = "diff \"${PODS_PODFILE_DIR_PATH}/Podfile.lock\" \"${PODS_ROOT}/Manifest.lock\" > /dev/null\nif [ $? != 0 ] ; then\n    # print error to STDERR\n    echo \"error: The sandbox is not in sync with the Podfile.lock. Run 'pod install' or update your CocoaPods installation.\" >&2\n    exit 1\nfi\n# This output is used by Xcode 'outputs' to avoid re-running this script phase.\necho \"SUCCESS\" > \"${SCRIPT_OUTPUT_FILE_0}\"\n";
			showEnvVarsInLog = 0;
		};
		65B7FB0BA8017AF6F9D07D6B /* [CP] Embed Pods Frameworks */ = {
			isa = PBXShellScriptBuildPhase;
			buildActionMask = 2147483647;
			files = (
			);
			inputFileListPaths = (
				"${PODS_ROOT}/Target Support Files/Pods-onion-dev-onion-devUITests/Pods-onion-dev-onion-devUITests-frameworks-${CONFIGURATION}-input-files.xcfilelist",
			);
			name = "[CP] Embed Pods Frameworks";
			outputFileListPaths = (
				"${PODS_ROOT}/Target Support Files/Pods-onion-dev-onion-devUITests/Pods-onion-dev-onion-devUITests-frameworks-${CONFIGURATION}-output-files.xcfilelist",
			);
			runOnlyForDeploymentPostprocessing = 0;
			shellPath = /bin/sh;
			shellScript = "\"${PODS_ROOT}/Target Support Files/Pods-onion-dev-onion-devUITests/Pods-onion-dev-onion-devUITests-frameworks.sh\"\n";
			showEnvVarsInLog = 0;
		};
		67F28E5FBFA07C69DF6C0D15 /* [CP] Embed Pods Frameworks */ = {
			isa = PBXShellScriptBuildPhase;
			buildActionMask = 2147483647;
			files = (
			);
			inputFileListPaths = (
				"${PODS_ROOT}/Target Support Files/Pods-onion-dev/Pods-onion-dev-frameworks-${CONFIGURATION}-input-files.xcfilelist",
			);
			name = "[CP] Embed Pods Frameworks";
			outputFileListPaths = (
				"${PODS_ROOT}/Target Support Files/Pods-onion-dev/Pods-onion-dev-frameworks-${CONFIGURATION}-output-files.xcfilelist",
			);
			runOnlyForDeploymentPostprocessing = 0;
			shellPath = /bin/sh;
			shellScript = "\"${PODS_ROOT}/Target Support Files/Pods-onion-dev/Pods-onion-dev-frameworks.sh\"\n";
			showEnvVarsInLog = 0;
		};
		D6FA0F197A12CB665FD779AD /* [CP] Check Pods Manifest.lock */ = {
			isa = PBXShellScriptBuildPhase;
			buildActionMask = 2147483647;
			files = (
			);
			inputFileListPaths = (
			);
			inputPaths = (
				"${PODS_PODFILE_DIR_PATH}/Podfile.lock",
				"${PODS_ROOT}/Manifest.lock",
			);
			name = "[CP] Check Pods Manifest.lock";
			outputFileListPaths = (
			);
			outputPaths = (
				"$(DERIVED_FILE_DIR)/Pods-onion-devTests-checkManifestLockResult.txt",
			);
			runOnlyForDeploymentPostprocessing = 0;
			shellPath = /bin/sh;
			shellScript = "diff \"${PODS_PODFILE_DIR_PATH}/Podfile.lock\" \"${PODS_ROOT}/Manifest.lock\" > /dev/null\nif [ $? != 0 ] ; then\n    # print error to STDERR\n    echo \"error: The sandbox is not in sync with the Podfile.lock. Run 'pod install' or update your CocoaPods installation.\" >&2\n    exit 1\nfi\n# This output is used by Xcode 'outputs' to avoid re-running this script phase.\necho \"SUCCESS\" > \"${SCRIPT_OUTPUT_FILE_0}\"\n";
			showEnvVarsInLog = 0;
		};
/* End PBXShellScriptBuildPhase section */

/* Begin PBXSourcesBuildPhase section */
		0E86B49F2426043A0094E6D3 /* Sources */ = {
			isa = PBXSourcesBuildPhase;
			buildActionMask = 2147483647;
			files = (
				0EC3788124556A26002B7D78 /* TabBarViewController.swift in Sources */,
				0E86B4EE2428987A0094E6D3 /* RegisterManager.swift in Sources */,
				0E8A0D39246166840057384D /* testViewController.swift in Sources */,
				0E86B4EC24288E630094E6D3 /* UserManager.swift in Sources */,
				0EC6BF3D244C5EE5004242AC /* TimelineCollectionViewCell.swift in Sources */,
				0E86B4AB2426043A0094E6D3 /* LoginViewController.swift in Sources */,
				0EC3788A24581A73002B7D78 /* LoginManager.swift in Sources */,
				0E86B4A72426043A0094E6D3 /* AppDelegate.swift in Sources */,
				0EC378972459A0B1002B7D78 /* UploadManager.swift in Sources */,
				0E8A0D3D246178540057384D /* SplashViewController.swift in Sources */,
				0EABC668245A9CBC0030AF03 /* PreviewView.swift in Sources */,
				0E86B4E6242846000094E6D3 /* FinishVC.swift in Sources */,
				0E86B4DE24275D0E0094E6D3 /* InputAccountViewController.swift in Sources */,
				0E86B4A92426043A0094E6D3 /* SceneDelegate.swift in Sources */,
				0EABC66C245ADDCA0030AF03 /* PhotoLibraryViewController.swift in Sources */,
				0E86B4EA24284EAC0094E6D3 /* OptionViewController.swift in Sources */,
				0E86B4DC24275C820094E6D3 /* RegisterViewController.swift in Sources */,
				0EC3788824558CA7002B7D78 /* FeedCollectionReusableView.swift in Sources */,
				0EC3788424557A7B002B7D78 /* FeedDetailViewController.swift in Sources */,
				0EABC66A245AA47E0030AF03 /* CameraViewController.swift in Sources */,
				0EC6BF3B244C5EC5004242AC /* TimelineViewController.swift in Sources */,
				0E8A0D32245AF62B0057384D /* Feed.swift in Sources */,
				0E86B4E32427B3730094E6D3 /* User.swift in Sources */,
				0EC3789524599BC9002B7D78 /* SubmitViewController.swift in Sources */,
				0EC3788C24586806002B7D78 /* KeychainManager.swift in Sources */,
				0EC6BF40244C8F32004242AC /* ProfileViewController.swift in Sources */,
				0EC6BEEC244AF045004242AC /* HomeViewController.swift in Sources */,
				0EC6BEEE244AF697004242AC /* HomeCollectionViewCell.swift in Sources */,
				0E8A0D3B2461754F0057384D /* config.swift in Sources */,
				0EC378862455818F002B7D78 /* RelativeThumbnailCollectionViewCell.swift in Sources */,
			);
			runOnlyForDeploymentPostprocessing = 0;
		};
		0E86B4B52426043D0094E6D3 /* Sources */ = {
			isa = PBXSourcesBuildPhase;
			buildActionMask = 2147483647;
			files = (
				0E86B4BE2426043D0094E6D3 /* onion_devTests.swift in Sources */,
			);
			runOnlyForDeploymentPostprocessing = 0;
		};
		0E86B4C02426043D0094E6D3 /* Sources */ = {
			isa = PBXSourcesBuildPhase;
			buildActionMask = 2147483647;
			files = (
				0E86B4C92426043D0094E6D3 /* onion_devUITests.swift in Sources */,
			);
			runOnlyForDeploymentPostprocessing = 0;
		};
/* End PBXSourcesBuildPhase section */

/* Begin PBXTargetDependency section */
		0E86B4BB2426043D0094E6D3 /* PBXTargetDependency */ = {
			isa = PBXTargetDependency;
			target = 0E86B4A22426043A0094E6D3 /* onion-dev */;
			targetProxy = 0E86B4BA2426043D0094E6D3 /* PBXContainerItemProxy */;
		};
		0E86B4C62426043D0094E6D3 /* PBXTargetDependency */ = {
			isa = PBXTargetDependency;
			target = 0E86B4A22426043A0094E6D3 /* onion-dev */;
			targetProxy = 0E86B4C52426043D0094E6D3 /* PBXContainerItemProxy */;
		};
/* End PBXTargetDependency section */

/* Begin PBXVariantGroup section */
		0E86B4AC2426043A0094E6D3 /* Main.storyboard */ = {
			isa = PBXVariantGroup;
			children = (
				0E86B4AD2426043A0094E6D3 /* Base */,
			);
			name = Main.storyboard;
			sourceTree = "<group>";
		};
		0E86B4B12426043D0094E6D3 /* LaunchScreen.storyboard */ = {
			isa = PBXVariantGroup;
			children = (
				0E86B4B22426043D0094E6D3 /* Base */,
			);
			name = LaunchScreen.storyboard;
			sourceTree = "<group>";
		};
/* End PBXVariantGroup section */

/* Begin XCBuildConfiguration section */
		0E86B4CB2426043D0094E6D3 /* Debug */ = {
			isa = XCBuildConfiguration;
			buildSettings = {
				ALWAYS_SEARCH_USER_PATHS = NO;
				CLANG_ANALYZER_NONNULL = YES;
				CLANG_ANALYZER_NUMBER_OBJECT_CONVERSION = YES_AGGRESSIVE;
				CLANG_CXX_LANGUAGE_STANDARD = "gnu++14";
				CLANG_CXX_LIBRARY = "libc++";
				CLANG_ENABLE_MODULES = YES;
				CLANG_ENABLE_OBJC_ARC = YES;
				CLANG_ENABLE_OBJC_WEAK = YES;
				CLANG_WARN_BLOCK_CAPTURE_AUTORELEASING = YES;
				CLANG_WARN_BOOL_CONVERSION = YES;
				CLANG_WARN_COMMA = YES;
				CLANG_WARN_CONSTANT_CONVERSION = YES;
				CLANG_WARN_DEPRECATED_OBJC_IMPLEMENTATIONS = YES;
				CLANG_WARN_DIRECT_OBJC_ISA_USAGE = YES_ERROR;
				CLANG_WARN_DOCUMENTATION_COMMENTS = YES;
				CLANG_WARN_EMPTY_BODY = YES;
				CLANG_WARN_ENUM_CONVERSION = YES;
				CLANG_WARN_INFINITE_RECURSION = YES;
				CLANG_WARN_INT_CONVERSION = YES;
				CLANG_WARN_NON_LITERAL_NULL_CONVERSION = YES;
				CLANG_WARN_OBJC_IMPLICIT_RETAIN_SELF = YES;
				CLANG_WARN_OBJC_LITERAL_CONVERSION = YES;
				CLANG_WARN_OBJC_ROOT_CLASS = YES_ERROR;
				CLANG_WARN_RANGE_LOOP_ANALYSIS = YES;
				CLANG_WARN_STRICT_PROTOTYPES = YES;
				CLANG_WARN_SUSPICIOUS_MOVE = YES;
				CLANG_WARN_UNGUARDED_AVAILABILITY = YES_AGGRESSIVE;
				CLANG_WARN_UNREACHABLE_CODE = YES;
				CLANG_WARN__DUPLICATE_METHOD_MATCH = YES;
				COPY_PHASE_STRIP = NO;
				DEBUG_INFORMATION_FORMAT = dwarf;
				ENABLE_STRICT_OBJC_MSGSEND = YES;
				ENABLE_TESTABILITY = YES;
				GCC_C_LANGUAGE_STANDARD = gnu11;
				GCC_DYNAMIC_NO_PIC = NO;
				GCC_NO_COMMON_BLOCKS = YES;
				GCC_OPTIMIZATION_LEVEL = 0;
				GCC_PREPROCESSOR_DEFINITIONS = (
					"DEBUG=1",
					"$(inherited)",
				);
				GCC_WARN_64_TO_32_BIT_CONVERSION = YES;
				GCC_WARN_ABOUT_RETURN_TYPE = YES_ERROR;
				GCC_WARN_UNDECLARED_SELECTOR = YES;
				GCC_WARN_UNINITIALIZED_AUTOS = YES_AGGRESSIVE;
				GCC_WARN_UNUSED_FUNCTION = YES;
				GCC_WARN_UNUSED_VARIABLE = YES;
				IPHONEOS_DEPLOYMENT_TARGET = 13.2;
				MTL_ENABLE_DEBUG_INFO = INCLUDE_SOURCE;
				MTL_FAST_MATH = YES;
				ONLY_ACTIVE_ARCH = YES;
				SDKROOT = iphoneos;
				SWIFT_ACTIVE_COMPILATION_CONDITIONS = DEBUG;
				SWIFT_OPTIMIZATION_LEVEL = "-Onone";
			};
			name = Debug;
		};
		0E86B4CC2426043D0094E6D3 /* Release */ = {
			isa = XCBuildConfiguration;
			buildSettings = {
				ALWAYS_SEARCH_USER_PATHS = NO;
				CLANG_ANALYZER_NONNULL = YES;
				CLANG_ANALYZER_NUMBER_OBJECT_CONVERSION = YES_AGGRESSIVE;
				CLANG_CXX_LANGUAGE_STANDARD = "gnu++14";
				CLANG_CXX_LIBRARY = "libc++";
				CLANG_ENABLE_MODULES = YES;
				CLANG_ENABLE_OBJC_ARC = YES;
				CLANG_ENABLE_OBJC_WEAK = YES;
				CLANG_WARN_BLOCK_CAPTURE_AUTORELEASING = YES;
				CLANG_WARN_BOOL_CONVERSION = YES;
				CLANG_WARN_COMMA = YES;
				CLANG_WARN_CONSTANT_CONVERSION = YES;
				CLANG_WARN_DEPRECATED_OBJC_IMPLEMENTATIONS = YES;
				CLANG_WARN_DIRECT_OBJC_ISA_USAGE = YES_ERROR;
				CLANG_WARN_DOCUMENTATION_COMMENTS = YES;
				CLANG_WARN_EMPTY_BODY = YES;
				CLANG_WARN_ENUM_CONVERSION = YES;
				CLANG_WARN_INFINITE_RECURSION = YES;
				CLANG_WARN_INT_CONVERSION = YES;
				CLANG_WARN_NON_LITERAL_NULL_CONVERSION = YES;
				CLANG_WARN_OBJC_IMPLICIT_RETAIN_SELF = YES;
				CLANG_WARN_OBJC_LITERAL_CONVERSION = YES;
				CLANG_WARN_OBJC_ROOT_CLASS = YES_ERROR;
				CLANG_WARN_RANGE_LOOP_ANALYSIS = YES;
				CLANG_WARN_STRICT_PROTOTYPES = YES;
				CLANG_WARN_SUSPICIOUS_MOVE = YES;
				CLANG_WARN_UNGUARDED_AVAILABILITY = YES_AGGRESSIVE;
				CLANG_WARN_UNREACHABLE_CODE = YES;
				CLANG_WARN__DUPLICATE_METHOD_MATCH = YES;
				COPY_PHASE_STRIP = NO;
				DEBUG_INFORMATION_FORMAT = "dwarf-with-dsym";
				ENABLE_NS_ASSERTIONS = NO;
				ENABLE_STRICT_OBJC_MSGSEND = YES;
				GCC_C_LANGUAGE_STANDARD = gnu11;
				GCC_NO_COMMON_BLOCKS = YES;
				GCC_WARN_64_TO_32_BIT_CONVERSION = YES;
				GCC_WARN_ABOUT_RETURN_TYPE = YES_ERROR;
				GCC_WARN_UNDECLARED_SELECTOR = YES;
				GCC_WARN_UNINITIALIZED_AUTOS = YES_AGGRESSIVE;
				GCC_WARN_UNUSED_FUNCTION = YES;
				GCC_WARN_UNUSED_VARIABLE = YES;
				IPHONEOS_DEPLOYMENT_TARGET = 13.2;
				MTL_ENABLE_DEBUG_INFO = NO;
				MTL_FAST_MATH = YES;
				SDKROOT = iphoneos;
				SWIFT_COMPILATION_MODE = wholemodule;
				SWIFT_OPTIMIZATION_LEVEL = "-O";
				VALIDATE_PRODUCT = YES;
			};
			name = Release;
		};
		0E86B4CE2426043D0094E6D3 /* Debug */ = {
			isa = XCBuildConfiguration;
			baseConfigurationReference = F76320CF11D5055B32277F1E /* Pods-onion-dev.debug.xcconfig */;
			buildSettings = {
				ASSETCATALOG_COMPILER_APPICON_NAME = AppIcon;
				CODE_SIGN_STYLE = Automatic;
				DEVELOPMENT_TEAM = JHD2NR3VMP;
				INFOPLIST_FILE = "onion-dev/Info.plist";
				IPHONEOS_DEPLOYMENT_TARGET = 13.0;
				LD_RUNPATH_SEARCH_PATHS = (
					"$(inherited)",
					"@executable_path/Frameworks",
				);
				PRODUCT_BUNDLE_IDENTIFIER = "com.onion-dev";
				PRODUCT_NAME = "$(TARGET_NAME)";
				SWIFT_VERSION = 5.0;
				TARGETED_DEVICE_FAMILY = 1;
			};
			name = Debug;
		};
		0E86B4CF2426043D0094E6D3 /* Release */ = {
			isa = XCBuildConfiguration;
			baseConfigurationReference = 4F54EF245E250E1B2970620A /* Pods-onion-dev.release.xcconfig */;
			buildSettings = {
				ASSETCATALOG_COMPILER_APPICON_NAME = AppIcon;
				CODE_SIGN_STYLE = Automatic;
				DEVELOPMENT_TEAM = JHD2NR3VMP;
				INFOPLIST_FILE = "onion-dev/Info.plist";
				IPHONEOS_DEPLOYMENT_TARGET = 13.0;
				LD_RUNPATH_SEARCH_PATHS = (
					"$(inherited)",
					"@executable_path/Frameworks",
				);
				PRODUCT_BUNDLE_IDENTIFIER = "com.onion-dev";
				PRODUCT_NAME = "$(TARGET_NAME)";
				SWIFT_VERSION = 5.0;
				TARGETED_DEVICE_FAMILY = 1;
			};
			name = Release;
		};
		0E86B4D12426043D0094E6D3 /* Debug */ = {
			isa = XCBuildConfiguration;
			baseConfigurationReference = 337B0E4D0ED984B86A4019F2 /* Pods-onion-devTests.debug.xcconfig */;
			buildSettings = {
				ALWAYS_EMBED_SWIFT_STANDARD_LIBRARIES = YES;
				BUNDLE_LOADER = "$(TEST_HOST)";
				CODE_SIGN_STYLE = Automatic;
				DEVELOPMENT_TEAM = JHD2NR3VMP;
				INFOPLIST_FILE = "onion-devTests/Info.plist";
				IPHONEOS_DEPLOYMENT_TARGET = 13.2;
				LD_RUNPATH_SEARCH_PATHS = (
					"$(inherited)",
					"@executable_path/Frameworks",
					"@loader_path/Frameworks",
				);
				PRODUCT_BUNDLE_IDENTIFIER = "com.onion-devTests";
				PRODUCT_NAME = "$(TARGET_NAME)";
				SWIFT_VERSION = 5.0;
				TARGETED_DEVICE_FAMILY = "1,2";
				TEST_HOST = "$(BUILT_PRODUCTS_DIR)/onion-dev.app/onion-dev";
			};
			name = Debug;
		};
		0E86B4D22426043D0094E6D3 /* Release */ = {
			isa = XCBuildConfiguration;
			baseConfigurationReference = C1F257DAD5225438D146369E /* Pods-onion-devTests.release.xcconfig */;
			buildSettings = {
				ALWAYS_EMBED_SWIFT_STANDARD_LIBRARIES = YES;
				BUNDLE_LOADER = "$(TEST_HOST)";
				CODE_SIGN_STYLE = Automatic;
				DEVELOPMENT_TEAM = JHD2NR3VMP;
				INFOPLIST_FILE = "onion-devTests/Info.plist";
				IPHONEOS_DEPLOYMENT_TARGET = 13.2;
				LD_RUNPATH_SEARCH_PATHS = (
					"$(inherited)",
					"@executable_path/Frameworks",
					"@loader_path/Frameworks",
				);
				PRODUCT_BUNDLE_IDENTIFIER = "com.onion-devTests";
				PRODUCT_NAME = "$(TARGET_NAME)";
				SWIFT_VERSION = 5.0;
				TARGETED_DEVICE_FAMILY = "1,2";
				TEST_HOST = "$(BUILT_PRODUCTS_DIR)/onion-dev.app/onion-dev";
			};
			name = Release;
		};
		0E86B4D42426043D0094E6D3 /* Debug */ = {
			isa = XCBuildConfiguration;
			baseConfigurationReference = EFECC25F6CF5C938C4E76C82 /* Pods-onion-dev-onion-devUITests.debug.xcconfig */;
			buildSettings = {
				ALWAYS_EMBED_SWIFT_STANDARD_LIBRARIES = YES;
				CODE_SIGN_STYLE = Automatic;
				DEVELOPMENT_TEAM = JHD2NR3VMP;
				INFOPLIST_FILE = "onion-devUITests/Info.plist";
				LD_RUNPATH_SEARCH_PATHS = (
					"$(inherited)",
					"@executable_path/Frameworks",
					"@loader_path/Frameworks",
				);
				PRODUCT_BUNDLE_IDENTIFIER = "com.onion-devUITests";
				PRODUCT_NAME = "$(TARGET_NAME)";
				SWIFT_VERSION = 5.0;
				TARGETED_DEVICE_FAMILY = "1,2";
				TEST_TARGET_NAME = "onion-dev";
			};
			name = Debug;
		};
		0E86B4D52426043D0094E6D3 /* Release */ = {
			isa = XCBuildConfiguration;
			baseConfigurationReference = 6B764B5B7B83E6C63317EBA3 /* Pods-onion-dev-onion-devUITests.release.xcconfig */;
			buildSettings = {
				ALWAYS_EMBED_SWIFT_STANDARD_LIBRARIES = YES;
				CODE_SIGN_STYLE = Automatic;
				DEVELOPMENT_TEAM = JHD2NR3VMP;
				INFOPLIST_FILE = "onion-devUITests/Info.plist";
				LD_RUNPATH_SEARCH_PATHS = (
					"$(inherited)",
					"@executable_path/Frameworks",
					"@loader_path/Frameworks",
				);
				PRODUCT_BUNDLE_IDENTIFIER = "com.onion-devUITests";
				PRODUCT_NAME = "$(TARGET_NAME)";
				SWIFT_VERSION = 5.0;
				TARGETED_DEVICE_FAMILY = "1,2";
				TEST_TARGET_NAME = "onion-dev";
			};
			name = Release;
		};
/* End XCBuildConfiguration section */

/* Begin XCConfigurationList section */
		0E86B49E2426043A0094E6D3 /* Build configuration list for PBXProject "onion-dev" */ = {
			isa = XCConfigurationList;
			buildConfigurations = (
				0E86B4CB2426043D0094E6D3 /* Debug */,
				0E86B4CC2426043D0094E6D3 /* Release */,
			);
			defaultConfigurationIsVisible = 0;
			defaultConfigurationName = Release;
		};
		0E86B4CD2426043D0094E6D3 /* Build configuration list for PBXNativeTarget "onion-dev" */ = {
			isa = XCConfigurationList;
			buildConfigurations = (
				0E86B4CE2426043D0094E6D3 /* Debug */,
				0E86B4CF2426043D0094E6D3 /* Release */,
			);
			defaultConfigurationIsVisible = 0;
			defaultConfigurationName = Release;
		};
		0E86B4D02426043D0094E6D3 /* Build configuration list for PBXNativeTarget "onion-devTests" */ = {
			isa = XCConfigurationList;
			buildConfigurations = (
				0E86B4D12426043D0094E6D3 /* Debug */,
				0E86B4D22426043D0094E6D3 /* Release */,
			);
			defaultConfigurationIsVisible = 0;
			defaultConfigurationName = Release;
		};
		0E86B4D32426043D0094E6D3 /* Build configuration list for PBXNativeTarget "onion-devUITests" */ = {
			isa = XCConfigurationList;
			buildConfigurations = (
				0E86B4D42426043D0094E6D3 /* Debug */,
				0E86B4D52426043D0094E6D3 /* Release */,
			);
			defaultConfigurationIsVisible = 0;
			defaultConfigurationName = Release;
		};
/* End XCConfigurationList section */
	};
	rootObject = 0E86B49B2426043A0094E6D3 /* Project object */;
}
